{
    "version": 3,
    "terraform_version": "0.11.13",
    "serial": 5,
    "lineage": "b6f90f3d-2a0b-7900-c6e7-383946a4df43",
    "modules": [
        {
            "path": [
                "root"
            ],
            "outputs": {},
            "resources": {
                "aws_iam_instance_profile.worker_profile": {
                    "type": "aws_iam_instance_profile",
                    "depends_on": [
                        "aws_iam_role.worker_role"
                    ],
                    "primary": {
                        "id": "JenkinsWorkerProfile",
                        "attributes": {
                            "arn": "arn:aws:iam::255072115644:instance-profile/JenkinsWorkerProfile",
                            "create_date": "2019-03-25T05:03:40Z",
                            "id": "JenkinsWorkerProfile",
                            "name": "JenkinsWorkerProfile",
                            "path": "/",
                            "role": "JenkinsBuildRole",
                            "roles.#": "1",
                            "roles.2364919588": "JenkinsBuildRole",
                            "unique_id": "AIPAIKTKWZZGXV7YIXVEU"
                        },
                        "meta": {},
                        "tainted": false
                    },
                    "deposed": [],
                    "provider": "provider.aws"
                },
                "aws_iam_policy.lambda_policy": {
                    "type": "aws_iam_policy",
                    "depends_on": [],
                    "primary": {
                        "id": "arn:aws:iam::255072115644:policy/DeployLambdaPolicy",
                        "attributes": {
                            "arn": "arn:aws:iam::255072115644:policy/DeployLambdaPolicy",
                            "description": "",
                            "id": "arn:aws:iam::255072115644:policy/DeployLambdaPolicy",
                            "name": "DeployLambdaPolicy",
                            "path": "/",
                            "policy": "{\n  \"Version\": \"2012-10-17\",\n  \"Statement\": [\n    {\n      \"Action\": [\n        \"lambda:UpdateFunctionCode\",\n        \"lambda:PublishVersion\",\n        \"lambda:UpdateAlias\"\n      ],\n      \"Effect\": \"Allow\",\n      \"Resource\": \"*\"\n    }\n  ]\n}\n"
                        },
                        "meta": {},
                        "tainted": false
                    },
                    "deposed": [],
                    "provider": "provider.aws"
                },
                "aws_iam_policy.s3_policy": {
                    "type": "aws_iam_policy",
                    "depends_on": [
                        "aws_s3_bucket.bucket"
                    ],
                    "primary": {
                        "id": "arn:aws:iam::255072115644:policy/PushToS3Policy",
                        "attributes": {
                            "arn": "arn:aws:iam::255072115644:policy/PushToS3Policy",
                            "description": "",
                            "id": "arn:aws:iam::255072115644:policy/PushToS3Policy",
                            "name": "PushToS3Policy",
                            "path": "/",
                            "policy": "{\n  \"Version\": \"2012-10-17\",\n  \"Statement\": [\n    {\n      \"Action\": [\n        \"s3:PutObject\",\n        \"s3:GetObject\"\n      ],\n      \"Effect\": \"Allow\",\n      \"Resource\": \"arn:aws:s3:::deployment-packages-test1/*\"\n    }\n  ]\n}\n"
                        },
                        "meta": {},
                        "tainted": false
                    },
                    "deposed": [],
                    "provider": "provider.aws"
                },
                "aws_iam_role.lambda_role": {
                    "type": "aws_iam_role",
                    "depends_on": [],
                    "primary": {
                        "id": "FibonacciFunctionRole",
                        "attributes": {
                            "arn": "arn:aws:iam::255072115644:role/FibonacciFunctionRole",
                            "assume_role_policy": "{\"Version\":\"2012-10-17\",\"Statement\":[{\"Sid\":\"\",\"Effect\":\"Allow\",\"Principal\":{\"Service\":\"lambda.amazonaws.com\"},\"Action\":\"sts:AssumeRole\"}]}",
                            "create_date": "2019-03-25T05:03:38Z",
                            "description": "",
                            "force_detach_policies": "false",
                            "id": "FibonacciFunctionRole",
                            "max_session_duration": "3600",
                            "name": "FibonacciFunctionRole",
                            "path": "/",
                            "tags.%": "0",
                            "unique_id": "AROAI7ZZFY2WY4VDKVR3S"
                        },
                        "meta": {},
                        "tainted": false
                    },
                    "deposed": [],
                    "provider": "provider.aws"
                },
                "aws_iam_role.worker_role": {
                    "type": "aws_iam_role",
                    "depends_on": [],
                    "primary": {
                        "id": "JenkinsBuildRole",
                        "attributes": {
                            "arn": "arn:aws:iam::255072115644:role/JenkinsBuildRole",
                            "assume_role_policy": "{\"Version\":\"2012-10-17\",\"Statement\":[{\"Sid\":\"\",\"Effect\":\"Allow\",\"Principal\":{\"Service\":\"ec2.amazonaws.com\"},\"Action\":\"sts:AssumeRole\"}]}",
                            "create_date": "2019-03-25T05:03:38Z",
                            "description": "",
                            "force_detach_policies": "false",
                            "id": "JenkinsBuildRole",
                            "max_session_duration": "3600",
                            "name": "JenkinsBuildRole",
                            "path": "/",
                            "tags.%": "0",
                            "unique_id": "AROAIUV5BKGHSNMTPTMJ6"
                        },
                        "meta": {},
                        "tainted": false
                    },
                    "deposed": [],
                    "provider": "provider.aws"
                },
                "aws_iam_role_policy_attachment.worker_lambda_attachment": {
                    "type": "aws_iam_role_policy_attachment",
                    "depends_on": [
                        "aws_iam_policy.lambda_policy",
                        "aws_iam_role.worker_role"
                    ],
                    "primary": {
                        "id": "JenkinsBuildRole-20190325050341467400000001",
                        "attributes": {
                            "id": "JenkinsBuildRole-20190325050341467400000001",
                            "policy_arn": "arn:aws:iam::255072115644:policy/DeployLambdaPolicy",
                            "role": "JenkinsBuildRole"
                        },
                        "meta": {},
                        "tainted": false
                    },
                    "deposed": [],
                    "provider": "provider.aws"
                },
                "aws_iam_role_policy_attachment.worker_s3_attachment": {
                    "type": "aws_iam_role_policy_attachment",
                    "depends_on": [
                        "aws_iam_policy.s3_policy",
                        "aws_iam_role.worker_role"
                    ],
                    "primary": {
                        "id": "JenkinsBuildRole-20190325050358978700000002",
                        "attributes": {
                            "id": "JenkinsBuildRole-20190325050358978700000002",
                            "policy_arn": "arn:aws:iam::255072115644:policy/PushToS3Policy",
                            "role": "JenkinsBuildRole"
                        },
                        "meta": {},
                        "tainted": false
                    },
                    "deposed": [],
                    "provider": "provider.aws"
                },
                "aws_lambda_function.function": {
                    "type": "aws_lambda_function",
                    "depends_on": [
                        "aws_iam_role.lambda_role"
                    ],
                    "primary": {
                        "id": "Fibonacci",
                        "attributes": {
                            "arn": "arn:aws:lambda:ap-southeast-2:255072115644:function:Fibonacci",
                            "dead_letter_config.#": "0",
                            "description": "",
                            "environment.#": "0",
                            "filename": "deployment.zip",
                            "function_name": "Fibonacci",
                            "handler": "main",
                            "id": "Fibonacci",
                            "invoke_arn": "arn:aws:apigateway:ap-southeast-2:lambda:path/2015-03-31/functions/arn:aws:lambda:ap-southeast-2:255072115644:function:Fibonacci/invocations",
                            "kms_key_arn": "",
                            "last_modified": "2019-03-25T06:41:44.612+0000",
                            "layers.#": "0",
                            "memory_size": "128",
                            "publish": "false",
                            "qualified_arn": "arn:aws:lambda:ap-southeast-2:255072115644:function:Fibonacci:$LATEST",
                            "reserved_concurrent_executions": "-1",
                            "role": "arn:aws:iam::255072115644:role/FibonacciFunctionRole",
                            "runtime": "go1.x",
                            "source_code_hash": "iXwIcNCtqd8GTCtCa07pNBMIghWFh/BEY0zPMsHW2EQ=",
                            "source_code_size": "4803755",
                            "tags.%": "0",
                            "timeout": "3",
                            "tracing_config.#": "1",
                            "tracing_config.0.mode": "PassThrough",
                            "version": "$LATEST",
                            "vpc_config.#": "0"
                        },
                        "meta": {
                            "e2bfb730-ecaa-11e6-8f88-34363bc7c4c0": {
                                "create": 600000000000
                            }
                        },
                        "tainted": false
                    },
                    "deposed": [],
                    "provider": "provider.aws"
                },
                "aws_s3_bucket.bucket": {
                    "type": "aws_s3_bucket",
                    "depends_on": [],
                    "primary": {
                        "id": "deployment-packages-test1",
                        "attributes": {
                            "acceleration_status": "",
                            "acl": "private",
                            "arn": "arn:aws:s3:::deployment-packages-test1",
                            "bucket": "deployment-packages-test1",
                            "bucket_domain_name": "deployment-packages-test1.s3.amazonaws.com",
                            "bucket_regional_domain_name": "deployment-packages-test1.s3.ap-southeast-2.amazonaws.com",
                            "cors_rule.#": "0",
                            "force_destroy": "false",
                            "hosted_zone_id": "Z1WCIGYICN2BYD",
                            "id": "deployment-packages-test1",
                            "lifecycle_rule.#": "0",
                            "logging.#": "0",
                            "object_lock_configuration.#": "0",
                            "region": "ap-southeast-2",
                            "replication_configuration.#": "0",
                            "request_payer": "BucketOwner",
                            "server_side_encryption_configuration.#": "0",
                            "tags.%": "0",
                            "versioning.#": "1",
                            "versioning.0.enabled": "false",
                            "versioning.0.mfa_delete": "false",
                            "website.#": "0"
                        },
                        "meta": {},
                        "tainted": false
                    },
                    "deposed": [],
                    "provider": "provider.aws"
                }
            },
            "depends_on": []
        }
    ]
}
